// !$*UTF8*$!
{
	archiveVersion = 1;
	classes = {
	};
	objectVersion = 77;
	objects = {

/* Begin PBXBuildFile section */
		082A618B27AC77D811170E1F /* LogStore.swift in Sources */ = {isa = PBXBuildFile; fileRef = 04D6E780C05F014506FF465B /* LogStore.swift */; };
		0A42ABF4532925134350D9AB /* SpineView.swift in Sources */ = {isa = PBXBuildFile; fileRef = C6AA62730248E37E26FA973D /* SpineView.swift */; };
		280819F0CA5D32E130C30991 /* DailyLogCodec.swift in Sources */ = {isa = PBXBuildFile; fileRef = C8524FB2C383EB0CBA2AF336 /* DailyLogCodec.swift */; };
		4EDEA3558D9A2DB9E33AF1C5 /* FoodEntrySheet.swift in Sources */ = {isa = PBXBuildFile; fileRef = 71D559EF44265DB8B63510DD /* FoodEntrySheet.swift */; };
		5ADF576B803D3086CE870264 /* ActivityLineView.swift in Sources */ = {isa = PBXBuildFile; fileRef = CFD48382529EFD699B529389 /* ActivityLineView.swift */; };
		5FCA33F82F725CB9EB5E1EFC /* WorkoutCardView.swift in Sources */ = {isa = PBXBuildFile; fileRef = 814D767C115D1D463103432C /* WorkoutCardView.swift */; };
		61CF46E9CBE943A1440C4ED0 /* TodayView.swift in Sources */ = {isa = PBXBuildFile; fileRef = C0B947F6AB014DBDF02CD02F /* TodayView.swift */; };
		65FB1C7702EA97F27D29B9E4 /* WorkoutTemplate.swift in Sources */ = {isa = PBXBuildFile; fileRef = 2695EEFFCE3210F482CF6AE8 /* WorkoutTemplate.swift */; };
		8991AE595D261660F44D0E20 /* RepsApp.swift in Sources */ = {isa = PBXBuildFile; fileRef = 808A4AF67562BF42CDE86016 /* RepsApp.swift */; };
		8AEFAA1D39AF4577ADD69DB2 /* RootView.swift in Sources */ = {isa = PBXBuildFile; fileRef = D2361A195B2A30EB5385E7DF /* RootView.swift */; };
		8FBE4B4948EC0E29541ADCB6 /* WorkoutEditSheet.swift in Sources */ = {isa = PBXBuildFile; fileRef = C3B6F4E7CC7416D131AEFA34 /* WorkoutEditSheet.swift */; };
		96E018236CB0950D7BBC1AA9 /* Theme.swift in Sources */ = {isa = PBXBuildFile; fileRef = A15F45625B8B6BDC264E0889 /* Theme.swift */; };
		A7C875AB1761C25D79CB0543 /* VaultStore.swift in Sources */ = {isa = PBXBuildFile; fileRef = 51F13DACEDABE9626B76AB42 /* VaultStore.swift */; };
		AD42C80E7C9B40903C65D7C7 /* DailyLog.swift in Sources */ = {isa = PBXBuildFile; fileRef = A3218CB7500C92B6893783B6 /* DailyLog.swift */; };
		BF702D63C7A54286CF954519 /* Yams in Frameworks */ = {isa = PBXBuildFile; productRef = 6D0A9FA6A13EDD0F299F8B4B /* Yams */; };
		C391512178712884B418A5F8 /* MetricChartCard.swift in Sources */ = {isa = PBXBuildFile; fileRef = 8D65A23039317C53E1B45E3F /* MetricChartCard.swift */; };
		C408CE5F84DA300AE6E7BC7C /* SettingsSheet.swift in Sources */ = {isa = PBXBuildFile; fileRef = 1B4326BAC8023FA2D80E38EB /* SettingsSheet.swift */; };
		D8338D84090FA4DC72EDD1F7 /* HealthKitService.swift in Sources */ = {isa = PBXBuildFile; fileRef = 5E8AA4D1FE8E26B80DF2846C /* HealthKitService.swift */; };
		E8EA3FFF6B33914EB4BAA748 /* TrendsView.swift in Sources */ = {isa = PBXBuildFile; fileRef = C90C92C90BB3D96DDEF1F46A /* TrendsView.swift */; };
		EACC05A1231D06A8FDDF2621 /* Trends.swift in Sources */ = {isa = PBXBuildFile; fileRef = F418752A8E29C447029115E4 /* Trends.swift */; };
/* End PBXBuildFile section */

/* Begin PBXFileReference section */
		04D6E780C05F014506FF465B /* LogStore.swift */ = {isa = PBXFileReference; lastKnownFileType = sourcecode.swift; path = LogStore.swift; sourceTree = "<group>"; };
		1B4326BAC8023FA2D80E38EB /* SettingsSheet.swift */ = {isa = PBXFileReference; lastKnownFileType = sourcecode.swift; path = SettingsSheet.swift; sourceTree = "<group>"; };
		2695EEFFCE3210F482CF6AE8 /* WorkoutTemplate.swift */ = {isa = PBXFileReference; lastKnownFileType = sourcecode.swift; path = WorkoutTemplate.swift; sourceTree = "<group>"; };
		51F13DACEDABE9626B76AB42 /* VaultStore.swift */ = {isa = PBXFileReference; lastKnownFileType = sourcecode.swift; path = VaultStore.swift; sourceTree = "<group>"; };
		5E8AA4D1FE8E26B80DF2846C /* HealthKitService.swift */ = {isa = PBXFileReference; lastKnownFileType = sourcecode.swift; path = HealthKitService.swift; sourceTree = "<group>"; };
		71D559EF44265DB8B63510DD /* FoodEntrySheet.swift */ = {isa = PBXFileReference; lastKnownFileType = sourcecode.swift; path = FoodEntrySheet.swift; sourceTree = "<group>"; };
		808A4AF67562BF42CDE86016 /* RepsApp.swift */ = {isa = PBXFileReference; lastKnownFileType = sourcecode.swift; path = RepsApp.swift; sourceTree = "<group>"; };
		814D767C115D1D463103432C /* WorkoutCardView.swift */ = {isa = PBXFileReference; lastKnownFileType = sourcecode.swift; path = WorkoutCardView.swift; sourceTree = "<group>"; };
		89F73E9CB8B46A571B9DEA48 /* Info.plist */ = {isa = PBXFileReference; lastKnownFileType = text.plist; path = Info.plist; sourceTree = "<group>"; };
		8AD60C6BDD44A63047D0E969 /* Reps.app */ = {isa = PBXFileReference; includeInIndex = 0; lastKnownFileType = wrapper.application; path = Reps.app; sourceTree = BUILT_PRODUCTS_DIR; };
		8D65A23039317C53E1B45E3F /* MetricChartCard.swift */ = {isa = PBXFileReference; lastKnownFileType = sourcecode.swift; path = MetricChartCard.swift; sourceTree = "<group>"; };
		A15F45625B8B6BDC264E0889 /* Theme.swift */ = {isa = PBXFileReference; lastKnownFileType = sourcecode.swift; path = Theme.swift; sourceTree = "<group>"; };
		A3218CB7500C92B6893783B6 /* DailyLog.swift */ = {isa = PBXFileReference; lastKnownFileType = sourcecode.swift; path = DailyLog.swift; sourceTree = "<group>"; };
		C0B947F6AB014DBDF02CD02F /* TodayView.swift */ = {isa = PBXFileReference; lastKnownFileType = sourcecode.swift; path = TodayView.swift; sourceTree = "<group>"; };
		C3B6F4E7CC7416D131AEFA34 /* WorkoutEditSheet.swift */ = {isa = PBXFileReference; lastKnownFileType = sourcecode.swift; path = WorkoutEditSheet.swift; sourceTree = "<group>"; };
		C6AA62730248E37E26FA973D /* SpineView.swift */ = {isa = PBXFileReference; lastKnownFileType = sourcecode.swift; path = SpineView.swift; sourceTree = "<group>"; };
		C8524FB2C383EB0CBA2AF336 /* DailyLogCodec.swift */ = {isa = PBXFileReference; lastKnownFileType = sourcecode.swift; path = DailyLogCodec.swift; sourceTree = "<group>"; };
		C90C92C90BB3D96DDEF1F46A /* TrendsView.swift */ = {isa = PBXFileReference; lastKnownFileType = sourcecode.swift; path = TrendsView.swift; sourceTree = "<group>"; };
		CD3F5EEFFE4D007B55AEC149 /* Reps.entitlements */ = {isa = PBXFileReference; lastKnownFileType = text.plist.entitlements; path = Reps.entitlements; sourceTree = "<group>"; };
		CFD48382529EFD699B529389 /* ActivityLineView.swift */ = {isa = PBXFileReference; lastKnownFileType = sourcecode.swift; path = ActivityLineView.swift; sourceTree = "<group>"; };
		D2361A195B2A30EB5385E7DF /* RootView.swift */ = {isa = PBXFileReference; lastKnownFileType = sourcecode.swift; path = RootView.swift; sourceTree = "<group>"; };
		F418752A8E29C447029115E4 /* Trends.swift */ = {isa = PBXFileReference; lastKnownFileType = sourcecode.swift; path = Trends.swift; sourceTree = "<group>"; };
/* End PBXFileReference section */

/* Begin PBXFrameworksBuildPhase section */
		A14EB5F286D4C13D24E52965 /* Frameworks */ = {
			isa = PBXFrameworksBuildPhase;
			buildActionMask = 2147483647;
			files = (
				BF702D63C7A54286CF954519 /* Yams in Frameworks */,
			);
			runOnlyForDeploymentPostprocessing = 0;
		};
/* End PBXFrameworksBuildPhase section */

/* Begin PBXGroup section */
		222AA8450FE8B65CA1EE092E /* Services */ = {
			isa = PBXGroup;
			children = (
				C8524FB2C383EB0CBA2AF336 /* DailyLogCodec.swift */,
				5E8AA4D1FE8E26B80DF2846C /* HealthKitService.swift */,
				04D6E780C05F014506FF465B /* LogStore.swift */,
				51F13DACEDABE9626B76AB42 /* VaultStore.swift */,
			);
			path = Services;
			sourceTree = "<group>";
		};
		4945D4B84A170BD6F93331D5 /* Products */ = {
			isa = PBXGroup;
			children = (
				8AD60C6BDD44A63047D0E969 /* Reps.app */,
			);
			name = Products;
			sourceTree = "<group>";
		};
		5D2AA826BBC44B991346427B /* Models */ = {
			isa = PBXGroup;
			children = (
				A3218CB7500C92B6893783B6 /* DailyLog.swift */,
				F418752A8E29C447029115E4 /* Trends.swift */,
				2695EEFFCE3210F482CF6AE8 /* WorkoutTemplate.swift */,
			);
			path = Models;
			sourceTree = "<group>";
		};
		6DAB53105EAC9473E0D3C296 /* Views */ = {
			isa = PBXGroup;
			children = (
				CFD48382529EFD699B529389 /* ActivityLineView.swift */,
				71D559EF44265DB8B63510DD /* FoodEntrySheet.swift */,
				8D65A23039317C53E1B45E3F /* MetricChartCard.swift */,
				D2361A195B2A30EB5385E7DF /* RootView.swift */,
				1B4326BAC8023FA2D80E38EB /* SettingsSheet.swift */,
				C6AA62730248E37E26FA973D /* SpineView.swift */,
				C0B947F6AB014DBDF02CD02F /* TodayView.swift */,
				C90C92C90BB3D96DDEF1F46A /* TrendsView.swift */,
				814D767C115D1D463103432C /* WorkoutCardView.swift */,
				C3B6F4E7CC7416D131AEFA34 /* WorkoutEditSheet.swift */,
			);
			path = Views;
			sourceTree = "<group>";
		};
		70274E239B152A2B56C3B912 = {
			isa = PBXGroup;
			children = (
				F3102035D775E5E118A819E8 /* Reps */,
				4945D4B84A170BD6F93331D5 /* Products */,
			);
			sourceTree = "<group>";
		};
		F3102035D775E5E118A819E8 /* Reps */ = {
			isa = PBXGroup;
			children = (
				89F73E9CB8B46A571B9DEA48 /* Info.plist */,
				CD3F5EEFFE4D007B55AEC149 /* Reps.entitlements */,
				808A4AF67562BF42CDE86016 /* RepsApp.swift */,
				FAD5B4B96FF3D5E00D913EA8 /* DesignSystem */,
				5D2AA826BBC44B991346427B /* Models */,
				222AA8450FE8B65CA1EE092E /* Services */,
				6DAB53105EAC9473E0D3C296 /* Views */,
			);
			path = Reps;
			sourceTree = "<group>";
		};
		FAD5B4B96FF3D5E00D913EA8 /* DesignSystem */ = {
			isa = PBXGroup;
			children = (
				A15F45625B8B6BDC264E0889 /* Theme.swift */,
			);
			path = DesignSystem;
			sourceTree = "<group>";
		};
/* End PBXGroup section */

/* Begin PBXNativeTarget section */
		0416157AB6A2DD4CDDAF81C0 /* Reps */ = {
			isa = PBXNativeTarget;
			buildConfigurationList = 1A484B176691E754227BAF84 /* Build configuration list for PBXNativeTarget "Reps" */;
			buildPhases = (
				A3361D115BBEA5CE1060F5B2 /* Sources */,
				A14EB5F286D4C13D24E52965 /* Frameworks */,
			);
			buildRules = (
			);
			dependencies = (
			);
			name = Reps;
			packageProductDependencies = (
				6D0A9FA6A13EDD0F299F8B4B /* Yams */,
			);
			productName = Reps;
			productReference = 8AD60C6BDD44A63047D0E969 /* Reps.app */;
			productType = "com.apple.product-type.application";
		};
/* End PBXNativeTarget section */

/* Begin PBXProject section */
		DE75462DF504AF873BF6E8DE /* Project object */ = {
			isa = PBXProject;
			attributes = {
				BuildIndependentTargetsInParallel = YES;
				LastUpgradeCheck = 1430;
				TargetAttributes = {
					0416157AB6A2DD4CDDAF81C0 = {
						ProvisioningStyle = Automatic;
					};
				};
			};
			buildConfigurationList = 6E01C31FF6A49288626E1C68 /* Build configuration list for PBXProject "Reps" */;
			developmentRegion = en;
			hasScannedForEncodings = 0;
			knownRegions = (
				Base,
				en,
			);
			mainGroup = 70274E239B152A2B56C3B912;
			minimizedProjectReferenceProxies = 1;
			packageReferences = (
				92F7FC5D830EBF01E58F6E8A /* XCRemoteSwiftPackageReference "Yams" */,
			);
			preferredProjectObjectVersion = 77;
			productRefGroup = 4945D4B84A170BD6F93331D5 /* Products */;
			projectDirPath = "";
			projectRoot = "";
			targets = (
				0416157AB6A2DD4CDDAF81C0 /* Reps */,
			);
		};
/* End PBXProject section */

/* Begin PBXSourcesBuildPhase section */
		A3361D115BBEA5CE1060F5B2 /* Sources */ = {
			isa = PBXSourcesBuildPhase;
			buildActionMask = 2147483647;
			files = (
				5ADF576B803D3086CE870264 /* ActivityLineView.swift in Sources */,
				AD42C80E7C9B40903C65D7C7 /* DailyLog.swift in Sources */,
				280819F0CA5D32E130C30991 /* DailyLogCodec.swift in Sources */,
				4EDEA3558D9A2DB9E33AF1C5 /* FoodEntrySheet.swift in Sources */,
				D8338D84090FA4DC72EDD1F7 /* HealthKitService.swift in Sources */,
				082A618B27AC77D811170E1F /* LogStore.swift in Sources */,
				C391512178712884B418A5F8 /* MetricChartCard.swift in Sources */,
				8991AE595D261660F44D0E20 /* RepsApp.swift in Sources */,
				8AEFAA1D39AF4577ADD69DB2 /* RootView.swift in Sources */,
				C408CE5F84DA300AE6E7BC7C /* SettingsSheet.swift in Sources */,
				0A42ABF4532925134350D9AB /* SpineView.swift in Sources */,
				96E018236CB0950D7BBC1AA9 /* Theme.swift in Sources */,
				61CF46E9CBE943A1440C4ED0 /* TodayView.swift in Sources */,
				EACC05A1231D06A8FDDF2621 /* Trends.swift in Sources */,
				E8EA3FFF6B33914EB4BAA748 /* TrendsView.swift in Sources */,
				A7C875AB1761C25D79CB0543 /* VaultStore.swift in Sources */,
				5FCA33F82F725CB9EB5E1EFC /* WorkoutCardView.swift in Sources */,
				8FBE4B4948EC0E29541ADCB6 /* WorkoutEditSheet.swift in Sources */,
				65FB1C7702EA97F27D29B9E4 /* WorkoutTemplate.swift in Sources */,
			);
			runOnlyForDeploymentPostprocessing = 0;
		};
/* End PBXSourcesBuildPhase section */

/* Begin XCBuildConfiguration section */
		35EFD3E117AF290EBCB00260 /* Debug */ = {
			isa = XCBuildConfiguration;
			buildSettings = {
				ASSETCATALOG_COMPILER_APPICON_NAME = AppIcon;
				CODE_SIGN_ENTITLEMENTS = Reps/Reps.entitlements;
				CODE_SIGN_IDENTITY = "iPhone Developer";
				CODE_SIGN_STYLE = Automatic;
				GENERATE_INFOPLIST_FILE = NO;
				INFOPLIST_FILE = Reps/Info.plist;
				LD_RUNPATH_SEARCH_PATHS = (
					"$(inherited)",
					"@executable_path/Frameworks",
				);
				PRODUCT_BUNDLE_IDENTIFIER = com.anurag.reps;
				SDKROOT = iphoneos;
				TARGETED_DEVICE_FAMILY = "1,2";
			};
			name = Debug;
		};
		3A2FDE58DD79E3CA846E99A4 /* Debug */ = {
			isa = XCBuildConfiguration;
			buildSettings = {
				ALWAYS_SEARCH_USER_PATHS = NO;
				CLANG_ANALYZER_NONNULL = YES;
				CLANG_ANALYZER_NUMBER_OBJECT_CONVERSION = YES_AGGRESSIVE;
				CLANG_CXX_LANGUAGE_STANDARD = "gnu++14";
				CLANG_CXX_LIBRARY = "libc++";
				CLANG_ENABLE_MODULES = YES;
				CLANG_ENABLE_OBJC_ARC = YES;
				CLANG_ENABLE_OBJC_WEAK = YES;
				CLANG_WARN_BLOCK_CAPTURE_AUTORELEASING = YES;
				CLANG_WARN_BOOL_CONVERSION = YES;
				CLANG_WARN_COMMA = YES;
				CLANG_WARN_CONSTANT_CONVERSION = YES;
				CLANG_WARN_DEPRECATED_OBJC_IMPLEMENTATIONS = YES;
				CLANG_WARN_DIRECT_OBJC_ISA_USAGE = YES_ERROR;
				CLANG_WARN_DOCUMENTATION_COMMENTS = YES;
				CLANG_WARN_EMPTY_BODY = YES;
				CLANG_WARN_ENUM_CONVERSION = YES;
				CLANG_WARN_INFINITE_RECURSION = YES;
				CLANG_WARN_INT_CONVERSION = YES;
				CLANG_WARN_NON_LITERAL_NULL_CONVERSION = YES;
				CLANG_WARN_OBJC_IMPLICIT_RETAIN_SELF = YES;
				CLANG_WARN_OBJC_LITERAL_CONVERSION = YES;
				CLANG_WARN_OBJC_ROOT_CLASS = YES_ERROR;
				CLANG_WARN_QUOTED_INCLUDE_IN_FRAMEWORK_HEADER = YES;
				CLANG_WARN_RANGE_LOOP_ANALYSIS = YES;
				CLANG_WARN_STRICT_PROTOTYPES = YES;
				CLANG_WARN_SUSPICIOUS_MOVE = YES;
				CLANG_WARN_UNGUARDED_AVAILABILITY = YES_AGGRESSIVE;
				CLANG_WARN_UNREACHABLE_CODE = YES;
				CLANG_WARN__DUPLICATE_METHOD_MATCH = YES;
				COPY_PHASE_STRIP = NO;
				DEBUG_INFORMATION_FORMAT = dwarf;
				ENABLE_STRICT_OBJC_MSGSEND = YES;
				ENABLE_TESTABILITY = YES;
				GCC_C_LANGUAGE_STANDARD = gnu11;
				GCC_DYNAMIC_NO_PIC = NO;
				GCC_NO_COMMON_BLOCKS = YES;
				GCC_OPTIMIZATION_LEVEL = 0;
				GCC_PREPROCESSOR_DEFINITIONS = (
					"$(inherited)",
					"DEBUG=1",
				);
				GCC_WARN_64_TO_32_BIT_CONVERSION = YES;
				GCC_WARN_ABOUT_RETURN_TYPE = YES_ERROR;
				GCC_WARN_UNDECLARED_SELECTOR = YES;
				GCC_WARN_UNINITIALIZED_AUTOS = YES_AGGRESSIVE;
				GCC_WARN_UNUSED_FUNCTION = YES;
				GCC_WARN_UNUSED_VARIABLE = YES;
				INFOPLIST_KEY_UISupportedInterfaceOrientations = UIInterfaceOrientationPortrait;
				IPHONEOS_DEPLOYMENT_TARGET = 18.0;
				MTL_ENABLE_DEBUG_INFO = INCLUDE_SOURCE;
				MTL_FAST_MATH = YES;
				ONLY_ACTIVE_ARCH = YES;
				PRODUCT_NAME = "$(TARGET_NAME)";
				SDKROOT = iphoneos;
				SWIFT_ACTIVE_COMPILATION_CONDITIONS = DEBUG;
				SWIFT_OPTIMIZATION_LEVEL = "-Onone";
				SWIFT_VERSION = 6.0;
				TARGETED_DEVICE_FAMILY = 1;
			};
			name = Debug;
		};
		6D38A0746D2CC4714C46615C /* Release */ = {
			isa = XCBuildConfiguration;
			buildSettings = {
				ALWAYS_SEARCH_USER_PATHS = NO;
				CLANG_ANALYZER_NONNULL = YES;
				CLANG_ANALYZER_NUMBER_OBJECT_CONVERSION = YES_AGGRESSIVE;
				CLANG_CXX_LANGUAGE_STANDARD = "gnu++14";
				CLANG_CXX_LIBRARY = "libc++";
				CLANG_ENABLE_MODULES = YES;
				CLANG_ENABLE_OBJC_ARC = YES;
				CLANG_ENABLE_OBJC_WEAK = YES;
				CLANG_WARN_BLOCK_CAPTURE_AUTORELEASING = YES;
				CLANG_WARN_BOOL_CONVERSION = YES;
				CLANG_WARN_COMMA = YES;
				CLANG_WARN_CONSTANT_CONVERSION = YES;
				CLANG_WARN_DEPRECATED_OBJC_IMPLEMENTATIONS = YES;
				CLANG_WARN_DIRECT_OBJC_ISA_USAGE = YES_ERROR;
				CLANG_WARN_DOCUMENTATION_COMMENTS = YES;
				CLANG_WARN_EMPTY_BODY = YES;
				CLANG_WARN_ENUM_CONVERSION = YES;
				CLANG_WARN_INFINITE_RECURSION = YES;
				CLANG_WARN_INT_CONVERSION = YES;
				CLANG_WARN_NON_LITERAL_NULL_CONVERSION = YES;
				CLANG_WARN_OBJC_IMPLICIT_RETAIN_SELF = YES;
				CLANG_WARN_OBJC_LITERAL_CONVERSION = YES;
				CLANG_WARN_OBJC_ROOT_CLASS = YES_ERROR;
				CLANG_WARN_QUOTED_INCLUDE_IN_FRAMEWORK_HEADER = YES;
				CLANG_WARN_RANGE_LOOP_ANALYSIS = YES;
				CLANG_WARN_STRICT_PROTOTYPES = YES;
				CLANG_WARN_SUSPICIOUS_MOVE = YES;
				CLANG_WARN_UNGUARDED_AVAILABILITY = YES_AGGRESSIVE;
				CLANG_WARN_UNREACHABLE_CODE = YES;
				CLANG_WARN__DUPLICATE_METHOD_MATCH = YES;
				COPY_PHASE_STRIP = NO;
				DEBUG_INFORMATION_FORMAT = "dwarf-with-dsym";
				ENABLE_NS_ASSERTIONS = NO;
				ENABLE_STRICT_OBJC_MSGSEND = YES;
				GCC_C_LANGUAGE_STANDARD = gnu11;
				GCC_NO_COMMON_BLOCKS = YES;
				GCC_WARN_64_TO_32_BIT_CONVERSION = YES;
				GCC_WARN_ABOUT_RETURN_TYPE = YES_ERROR;
				GCC_WARN_UNDECLARED_SELECTOR = YES;
				GCC_WARN_UNINITIALIZED_AUTOS = YES_AGGRESSIVE;
				GCC_WARN_UNUSED_FUNCTION = YES;
				GCC_WARN_UNUSED_VARIABLE = YES;
				INFOPLIST_KEY_UISupportedInterfaceOrientations = UIInterfaceOrientationPortrait;
				IPHONEOS_DEPLOYMENT_TARGET = 18.0;
				MTL_ENABLE_DEBUG_INFO = NO;
				MTL_FAST_MATH = YES;
				PRODUCT_NAME = "$(TARGET_NAME)";
				SDKROOT = iphoneos;
				SWIFT_COMPILATION_MODE = wholemodule;
				SWIFT_OPTIMIZATION_LEVEL = "-O";
				SWIFT_VERSION = 6.0;
				TARGETED_DEVICE_FAMILY = 1;
			};
			name = Release;
		};
		919CA4D77571434F7FBB6526 /* Release */ = {
			isa = XCBuildConfiguration;
			buildSettings = {
				ASSETCATALOG_COMPILER_APPICON_NAME = AppIcon;
				CODE_SIGN_ENTITLEMENTS = Reps/Reps.entitlements;
				CODE_SIGN_IDENTITY = "iPhone Developer";
				CODE_SIGN_STYLE = Automatic;
				GENERATE_INFOPLIST_FILE = NO;
				INFOPLIST_FILE = Reps/Info.plist;
				LD_RUNPATH_SEARCH_PATHS = (
					"$(inherited)",
					"@executable_path/Frameworks",
				);
				PRODUCT_BUNDLE_IDENTIFIER = com.anurag.reps;
				SDKROOT = iphoneos;
				TARGETED_DEVICE_FAMILY = "1,2";
			};
			name = Release;
		};
/* End XCBuildConfiguration section */

/* Begin XCConfigurationList section */
		1A484B176691E754227BAF84 /* Build configuration list for PBXNativeTarget "Reps" */ = {
			isa = XCConfigurationList;
			buildConfigurations = (
				35EFD3E117AF290EBCB00260 /* Debug */,
				919CA4D77571434F7FBB6526 /* Release */,
			);
			defaultConfigurationIsVisible = 0;
			defaultConfigurationName = Debug;
		};
		6E01C31FF6A49288626E1C68 /* Build configuration list for PBXProject "Reps" */ = {
			isa = XCConfigurationList;
			buildConfigurations = (
				3A2FDE58DD79E3CA846E99A4 /* Debug */,
				6D38A0746D2CC4714C46615C /* Release */,
			);
			defaultConfigurationIsVisible = 0;
			defaultConfigurationName = Debug;
		};
/* End XCConfigurationList section */

/* Begin XCRemoteSwiftPackageReference section */
		92F7FC5D830EBF01E58F6E8A /* XCRemoteSwiftPackageReference "Yams" */ = {
			isa = XCRemoteSwiftPackageReference;
			repositoryURL = "https://github.com/jpsim/Yams.git";
			requirement = {
				kind = upToNextMajorVersion;
				minimumVersion = 5.1.0;
			};
		};
/* End XCRemoteSwiftPackageReference section */

/* Begin XCSwiftPackageProductDependency section */
		6D0A9FA6A13EDD0F299F8B4B /* Yams */ = {
			isa = XCSwiftPackageProductDependency;
			package = 92F7FC5D830EBF01E58F6E8A /* XCRemoteSwiftPackageReference "Yams" */;
			productName = Yams;
		};
/* End XCSwiftPackageProductDependency section */
	};
	rootObject = DE75462DF504AF873BF6E8DE /* Project object */;
}
