// !$*UTF8*$!
{
	archiveVersion = 1;
	classes = {
	};
	objectVersion = 77;
	objects = {

/* Begin PBXBuildFile section */
		0A42ABF4532925134350D9AB /* SpineView.swift in Sources */ = {isa = PBXBuildFile; fileRef = C6AA62730248E37E26FA973D /* SpineView.swift */; };
		1589BBCE7DA209DBAD3B98A6 /* MockData.swift in Sources */ = {isa = PBXBuildFile; fileRef = 9A6C2DF17B8EFDD755D4694B /* MockData.swift */; };
		5ADF576B803D3086CE870264 /* ActivityLineView.swift in Sources */ = {isa = PBXBuildFile; fileRef = CFD48382529EFD699B529389 /* ActivityLineView.swift */; };
		5FCA33F82F725CB9EB5E1EFC /* WorkoutCardView.swift in Sources */ = {isa = PBXBuildFile; fileRef = 814D767C115D1D463103432C /* WorkoutCardView.swift */; };
		61CF46E9CBE943A1440C4ED0 /* TodayView.swift in Sources */ = {isa = PBXBuildFile; fileRef = C0B947F6AB014DBDF02CD02F /* TodayView.swift */; };
		8991AE595D261660F44D0E20 /* RepsApp.swift in Sources */ = {isa = PBXBuildFile; fileRef = 808A4AF67562BF42CDE86016 /* RepsApp.swift */; };
		96E018236CB0950D7BBC1AA9 /* Theme.swift in Sources */ = {isa = PBXBuildFile; fileRef = A15F45625B8B6BDC264E0889 /* Theme.swift */; };
		AD42C80E7C9B40903C65D7C7 /* DailyLog.swift in Sources */ = {isa = PBXBuildFile; fileRef = A3218CB7500C92B6893783B6 /* DailyLog.swift */; };
/* End PBXBuildFile section */

/* Begin PBXFileReference section */
		808A4AF67562BF42CDE86016 /* RepsApp.swift */ = {isa = PBXFileReference; lastKnownFileType = sourcecode.swift; path = RepsApp.swift; sourceTree = "<group>"; };
		814D767C115D1D463103432C /* WorkoutCardView.swift */ = {isa = PBXFileReference; lastKnownFileType = sourcecode.swift; path = WorkoutCardView.swift; sourceTree = "<group>"; };
		89F73E9CB8B46A571B9DEA48 /* Info.plist */ = {isa = PBXFileReference; lastKnownFileType = text.plist; path = Info.plist; sourceTree = "<group>"; };
		8AD60C6BDD44A63047D0E969 /* Reps.app */ = {isa = PBXFileReference; includeInIndex = 0; lastKnownFileType = wrapper.application; path = Reps.app; sourceTree = BUILT_PRODUCTS_DIR; };
		9A6C2DF17B8EFDD755D4694B /* MockData.swift */ = {isa = PBXFileReference; lastKnownFileType = sourcecode.swift; path = MockData.swift; sourceTree = "<group>"; };
		A15F45625B8B6BDC264E0889 /* Theme.swift */ = {isa = PBXFileReference; lastKnownFileType = sourcecode.swift; path = Theme.swift; sourceTree = "<group>"; };
		A3218CB7500C92B6893783B6 /* DailyLog.swift */ = {isa = PBXFileReference; lastKnownFileType = sourcecode.swift; path = DailyLog.swift; sourceTree = "<group>"; };
		C0B947F6AB014DBDF02CD02F /* TodayView.swift */ = {isa = PBXFileReference; lastKnownFileType = sourcecode.swift; path = TodayView.swift; sourceTree = "<group>"; };
		C6AA62730248E37E26FA973D /* SpineView.swift */ = {isa = PBXFileReference; lastKnownFileType = sourcecode.swift; path = SpineView.swift; sourceTree = "<group>"; };
		CD3F5EEFFE4D007B55AEC149 /* Reps.entitlements */ = {isa = PBXFileReference; lastKnownFileType = text.plist.entitlements; path = Reps.entitlements; sourceTree = "<group>"; };
		CFD48382529EFD699B529389 /* ActivityLineView.swift */ = {isa = PBXFileReference; lastKnownFileType = sourcecode.swift; path = ActivityLineView.swift; sourceTree = "<group>"; };
/* End PBXFileReference section */

/* Begin PBXGroup section */
		4945D4B84A170BD6F93331D5 /* Products */ = {
			isa = PBXGroup;
			children = (
				8AD60C6BDD44A63047D0E969 /* Reps.app */,
			);
			name = Products;
			sourceTree = "<group>";
		};
		5D2AA826BBC44B991346427B /* Models */ = {
			isa = PBXGroup;
			children = (
				A3218CB7500C92B6893783B6 /* DailyLog.swift */,
				9A6C2DF17B8EFDD755D4694B /* MockData.swift */,
			);
			path = Models;
			sourceTree = "<group>";
		};
		6DAB53105EAC9473E0D3C296 /* Views */ = {
			isa = PBXGroup;
			children = (
				CFD48382529EFD699B529389 /* ActivityLineView.swift */,
				C6AA62730248E37E26FA973D /* SpineView.swift */,
				C0B947F6AB014DBDF02CD02F /* TodayView.swift */,
				814D767C115D1D463103432C /* WorkoutCardView.swift */,
			);
			path = Views;
			sourceTree = "<group>";
		};
		70274E239B152A2B56C3B912 = {
			isa = PBXGroup;
			children = (
				F3102035D775E5E118A819E8 /* Reps */,
				4945D4B84A170BD6F93331D5 /* Products */,
			);
			sourceTree = "<group>";
		};
		F3102035D775E5E118A819E8 /* Reps */ = {
			isa = PBXGroup;
			children = (
				89F73E9CB8B46A571B9DEA48 /* Info.plist */,
				CD3F5EEFFE4D007B55AEC149 /* Reps.entitlements */,
				808A4AF67562BF42CDE86016 /* RepsApp.swift */,
				FAD5B4B96FF3D5E00D913EA8 /* DesignSystem */,
				5D2AA826BBC44B991346427B /* Models */,
				6DAB53105EAC9473E0D3C296 /* Views */,
			);
			path = Reps;
			sourceTree = "<group>";
		};
		FAD5B4B96FF3D5E00D913EA8 /* DesignSystem */ = {
			isa = PBXGroup;
			children = (
				A15F45625B8B6BDC264E0889 /* Theme.swift */,
			);
			path = DesignSystem;
			sourceTree = "<group>";
		};
/* End PBXGroup section */

/* Begin PBXNativeTarget section */
		0416157AB6A2DD4CDDAF81C0 /* Reps */ = {
			isa = PBXNativeTarget;
			buildConfigurationList = 1A484B176691E754227BAF84 /* Build configuration list for PBXNativeTarget "Reps" */;
			buildPhases = (
				A3361D115BBEA5CE1060F5B2 /* Sources */,
			);
			buildRules = (
			);
			dependencies = (
			);
			name = Reps;
			packageProductDependencies = (
			);
			productName = Reps;
			productReference = 8AD60C6BDD44A63047D0E969 /* Reps.app */;
			productType = "com.apple.product-type.application";
		};
/* End PBXNativeTarget section */

/* Begin PBXProject section */
		DE75462DF504AF873BF6E8DE /* Project object */ = {
			isa = PBXProject;
			attributes = {
				BuildIndependentTargetsInParallel = YES;
				LastUpgradeCheck = 1430;
				TargetAttributes = {
					0416157AB6A2DD4CDDAF81C0 = {
						ProvisioningStyle = Automatic;
					};
				};
			};
			buildConfigurationList = 6E01C31FF6A49288626E1C68 /* Build configuration list for PBXProject "Reps" */;
			developmentRegion = en;
			hasScannedForEncodings = 0;
			knownRegions = (
				Base,
				en,
			);
			mainGroup = 70274E239B152A2B56C3B912;
			minimizedProjectReferenceProxies = 1;
			preferredProjectObjectVersion = 77;
			productRefGroup = 4945D4B84A170BD6F93331D5 /* Products */;
			projectDirPath = "";
			projectRoot = "";
			targets = (
				0416157AB6A2DD4CDDAF81C0 /* Reps */,
			);
		};
/* End PBXProject section */

/* Begin PBXSourcesBuildPhase section */
		A3361D115BBEA5CE1060F5B2 /* Sources */ = {
			isa = PBXSourcesBuildPhase;
			buildActionMask = 2147483647;
			files = (
				5ADF576B803D3086CE870264 /* ActivityLineView.swift in Sources */,
				AD42C80E7C9B40903C65D7C7 /* DailyLog.swift in Sources */,
				1589BBCE7DA209DBAD3B98A6 /* MockData.swift in Sources */,
				8991AE595D261660F44D0E20 /* RepsApp.swift in Sources */,
				0A42ABF4532925134350D9AB /* SpineView.swift in Sources */,
				96E018236CB0950D7BBC1AA9 /* Theme.swift in Sources */,
				61CF46E9CBE943A1440C4ED0 /* TodayView.swift in Sources */,
				5FCA33F82F725CB9EB5E1EFC /* WorkoutCardView.swift in Sources */,
			);
			runOnlyForDeploymentPostprocessing = 0;
		};
/* End PBXSourcesBuildPhase section */

/* Begin XCBuildConfiguration section */
		35EFD3E117AF290EBCB00260 /* Debug */ = {
			isa = XCBuildConfiguration;
			buildSettings = {
				ASSETCATALOG_COMPILER_APPICON_NAME = AppIcon;
				CODE_SIGN_ENTITLEMENTS = Reps/Reps.entitlements;
				CODE_SIGN_IDENTITY = "iPhone Developer";
				CODE_SIGN_STYLE = Automatic;
				GENERATE_INFOPLIST_FILE = NO;
				INFOPLIST_FILE = Reps/Info.plist;
				LD_RUNPATH_SEARCH_PATHS = (
					"$(inherited)",
					"@executable_path/Frameworks",
				);
				PRODUCT_BUNDLE_IDENTIFIER = com.anurag.reps;
				SDKROOT = iphoneos;
				TARGETED_DEVICE_FAMILY = "1,2";
			};
			name = Debug;
		};
		3A2FDE58DD79E3CA846E99A4 /* Debug */ = {
			isa = XCBuildConfiguration;
			buildSettings = {
				ALWAYS_SEARCH_USER_PATHS = NO;
				CLANG_ANALYZER_NONNULL = YES;
				CLANG_ANALYZER_NUMBER_OBJECT_CONVERSION = YES_AGGRESSIVE;
				CLANG_CXX_LANGUAGE_STANDARD = "gnu++14";
				CLANG_CXX_LIBRARY = "libc++";
				CLANG_ENABLE_MODULES = YES;
				CLANG_ENABLE_OBJC_ARC = YES;
				CLANG_ENABLE_OBJC_WEAK = YES;
				CLANG_WARN_BLOCK_CAPTURE_AUTORELEASING = YES;
				CLANG_WARN_BOOL_CONVERSION = YES;
				CLANG_WARN_COMMA = YES;
				CLANG_WARN_CONSTANT_CONVERSION = YES;
				CLANG_WARN_DEPRECATED_OBJC_IMPLEMENTATIONS = YES;
				CLANG_WARN_DIRECT_OBJC_ISA_USAGE = YES_ERROR;
				CLANG_WARN_DOCUMENTATION_COMMENTS = YES;
				CLANG_WARN_EMPTY_BODY = YES;
				CLANG_WARN_ENUM_CONVERSION = YES;
				CLANG_WARN_INFINITE_RECURSION = YES;
				CLANG_WARN_INT_CONVERSION = YES;
				CLANG_WARN_NON_LITERAL_NULL_CONVERSION = YES;
				CLANG_WARN_OBJC_IMPLICIT_RETAIN_SELF = YES;
				CLANG_WARN_OBJC_LITERAL_CONVERSION = YES;
				CLANG_WARN_OBJC_ROOT_CLASS = YES_ERROR;
				CLANG_WARN_QUOTED_INCLUDE_IN_FRAMEWORK_HEADER = YES;
				CLANG_WARN_RANGE_LOOP_ANALYSIS = YES;
				CLANG_WARN_STRICT_PROTOTYPES = YES;
				CLANG_WARN_SUSPICIOUS_MOVE = YES;
				CLANG_WARN_UNGUARDED_AVAILABILITY = YES_AGGRESSIVE;
				CLANG_WARN_UNREACHABLE_CODE = YES;
				CLANG_WARN__DUPLICATE_METHOD_MATCH = YES;
				COPY_PHASE_STRIP = NO;
				DEBUG_INFORMATION_FORMAT = dwarf;
				ENABLE_STRICT_OBJC_MSGSEND = YES;
				ENABLE_TESTABILITY = YES;
				GCC_C_LANGUAGE_STANDARD = gnu11;
				GCC_DYNAMIC_NO_PIC = NO;
				GCC_NO_COMMON_BLOCKS = YES;
				GCC_OPTIMIZATION_LEVEL = 0;
				GCC_PREPROCESSOR_DEFINITIONS = (
					"$(inherited)",
					"DEBUG=1",
				);
				GCC_WARN_64_TO_32_BIT_CONVERSION = YES;
				GCC_WARN_ABOUT_RETURN_TYPE = YES_ERROR;
				GCC_WARN_UNDECLARED_SELECTOR = YES;
				GCC_WARN_UNINITIALIZED_AUTOS = YES_AGGRESSIVE;
				GCC_WARN_UNUSED_FUNCTION = YES;
				GCC_WARN_UNUSED_VARIABLE = YES;
				INFOPLIST_KEY_UISupportedInterfaceOrientations = UIInterfaceOrientationPortrait;
				IPHONEOS_DEPLOYMENT_TARGET = 18.0;
				MTL_ENABLE_DEBUG_INFO = INCLUDE_SOURCE;
				MTL_FAST_MATH = YES;
				ONLY_ACTIVE_ARCH = YES;
				PRODUCT_NAME = "$(TARGET_NAME)";
				SDKROOT = iphoneos;
				SWIFT_ACTIVE_COMPILATION_CONDITIONS = DEBUG;
				SWIFT_OPTIMIZATION_LEVEL = "-Onone";
				SWIFT_VERSION = 6.0;
				TARGETED_DEVICE_FAMILY = 1;
			};
			name = Debug;
		};
		6D38A0746D2CC4714C46615C /* Release */ = {
			isa = XCBuildConfiguration;
			buildSettings = {
				ALWAYS_SEARCH_USER_PATHS = NO;
				CLANG_ANALYZER_NONNULL = YES;
				CLANG_ANALYZER_NUMBER_OBJECT_CONVERSION = YES_AGGRESSIVE;
				CLANG_CXX_LANGUAGE_STANDARD = "gnu++14";
				CLANG_CXX_LIBRARY = "libc++";
				CLANG_ENABLE_MODULES = YES;
				CLANG_ENABLE_OBJC_ARC = YES;
				CLANG_ENABLE_OBJC_WEAK = YES;
				CLANG_WARN_BLOCK_CAPTURE_AUTORELEASING = YES;
				CLANG_WARN_BOOL_CONVERSION = YES;
				CLANG_WARN_COMMA = YES;
				CLANG_WARN_CONSTANT_CONVERSION = YES;
				CLANG_WARN_DEPRECATED_OBJC_IMPLEMENTATIONS = YES;
				CLANG_WARN_DIRECT_OBJC_ISA_USAGE = YES_ERROR;
				CLANG_WARN_DOCUMENTATION_COMMENTS = YES;
				CLANG_WARN_EMPTY_BODY = YES;
				CLANG_WARN_ENUM_CONVERSION = YES;
				CLANG_WARN_INFINITE_RECURSION = YES;
				CLANG_WARN_INT_CONVERSION = YES;
				CLANG_WARN_NON_LITERAL_NULL_CONVERSION = YES;
				CLANG_WARN_OBJC_IMPLICIT_RETAIN_SELF = YES;
				CLANG_WARN_OBJC_LITERAL_CONVERSION = YES;
				CLANG_WARN_OBJC_ROOT_CLASS = YES_ERROR;
				CLANG_WARN_QUOTED_INCLUDE_IN_FRAMEWORK_HEADER = YES;
				CLANG_WARN_RANGE_LOOP_ANALYSIS = YES;
				CLANG_WARN_STRICT_PROTOTYPES = YES;
				CLANG_WARN_SUSPICIOUS_MOVE = YES;
				CLANG_WARN_UNGUARDED_AVAILABILITY = YES_AGGRESSIVE;
				CLANG_WARN_UNREACHABLE_CODE = YES;
				CLANG_WARN__DUPLICATE_METHOD_MATCH = YES;
				COPY_PHASE_STRIP = NO;
				DEBUG_INFORMATION_FORMAT = "dwarf-with-dsym";
				ENABLE_NS_ASSERTIONS = NO;
				ENABLE_STRICT_OBJC_MSGSEND = YES;
				GCC_C_LANGUAGE_STANDARD = gnu11;
				GCC_NO_COMMON_BLOCKS = YES;
				GCC_WARN_64_TO_32_BIT_CONVERSION = YES;
				GCC_WARN_ABOUT_RETURN_TYPE = YES_ERROR;
				GCC_WARN_UNDECLARED_SELECTOR = YES;
				GCC_WARN_UNINITIALIZED_AUTOS = YES_AGGRESSIVE;
				GCC_WARN_UNUSED_FUNCTION = YES;
				GCC_WARN_UNUSED_VARIABLE = YES;
				INFOPLIST_KEY_UISupportedInterfaceOrientations = UIInterfaceOrientationPortrait;
				IPHONEOS_DEPLOYMENT_TARGET = 18.0;
				MTL_ENABLE_DEBUG_INFO = NO;
				MTL_FAST_MATH = YES;
				PRODUCT_NAME = "$(TARGET_NAME)";
				SDKROOT = iphoneos;
				SWIFT_COMPILATION_MODE = wholemodule;
				SWIFT_OPTIMIZATION_LEVEL = "-O";
				SWIFT_VERSION = 6.0;
				TARGETED_DEVICE_FAMILY = 1;
			};
			name = Release;
		};
		919CA4D77571434F7FBB6526 /* Release */ = {
			isa = XCBuildConfiguration;
			buildSettings = {
				ASSETCATALOG_COMPILER_APPICON_NAME = AppIcon;
				CODE_SIGN_ENTITLEMENTS = Reps/Reps.entitlements;
				CODE_SIGN_IDENTITY = "iPhone Developer";
				CODE_SIGN_STYLE = Automatic;
				GENERATE_INFOPLIST_FILE = NO;
				INFOPLIST_FILE = Reps/Info.plist;
				LD_RUNPATH_SEARCH_PATHS = (
					"$(inherited)",
					"@executable_path/Frameworks",
				);
				PRODUCT_BUNDLE_IDENTIFIER = com.anurag.reps;
				SDKROOT = iphoneos;
				TARGETED_DEVICE_FAMILY = "1,2";
			};
			name = Release;
		};
/* End XCBuildConfiguration section */

/* Begin XCConfigurationList section */
		1A484B176691E754227BAF84 /* Build configuration list for PBXNativeTarget "Reps" */ = {
			isa = XCConfigurationList;
			buildConfigurations = (
				35EFD3E117AF290EBCB00260 /* Debug */,
				919CA4D77571434F7FBB6526 /* Release */,
			);
			defaultConfigurationIsVisible = 0;
			defaultConfigurationName = Debug;
		};
		6E01C31FF6A49288626E1C68 /* Build configuration list for PBXProject "Reps" */ = {
			isa = XCConfigurationList;
			buildConfigurations = (
				3A2FDE58DD79E3CA846E99A4 /* Debug */,
				6D38A0746D2CC4714C46615C /* Release */,
			);
			defaultConfigurationIsVisible = 0;
			defaultConfigurationName = Debug;
		};
/* End XCConfigurationList section */
	};
	rootObject = DE75462DF504AF873BF6E8DE /* Project object */;
}
