// !$*UTF8*$!
{
	archiveVersion = 1;
	classes = {
	};
	objectVersion = 77;
	objects = {

/* Begin PBXBuildFile section */
		0291669B3635676353F335A3 /* FoodFormSheet.swift in Sources */ = {isa = PBXBuildFile; fileRef = C58FD74C26DE6AFBB9650DED /* FoodFormSheet.swift */; };
		0706082E7DE30BB7BB33D032 /* TextRecognizer.swift in Sources */ = {isa = PBXBuildFile; fileRef = 832F355815BE65D37AC75ADD /* TextRecognizer.swift */; };
		0847CBC2611ADABB9AAD9A88 /* SettingsSheet.swift in Sources */ = {isa = PBXBuildFile; fileRef = 2F905AEACE075CD2694EBD56 /* SettingsSheet.swift */; };
		1464A773E1D359ACEAF1EAE9 /* DailyLogCodec.swift in Sources */ = {isa = PBXBuildFile; fileRef = 9BD9441032E3217E1825CD6A /* DailyLogCodec.swift */; };
		292988C1DF27EAEDAAEA824E /* Food.swift in Sources */ = {isa = PBXBuildFile; fileRef = ADB3EA980F86EE325B6DF512 /* Food.swift */; };
		2AEC214FE57FB1E851A16BBF /* HealthKitService.swift in Sources */ = {isa = PBXBuildFile; fileRef = 1D55838856564CEA8C4FA4A6 /* HealthKitService.swift */; };
		2B441EFF0B166EB069DA4CF0 /* EnergyBudget.swift in Sources */ = {isa = PBXBuildFile; fileRef = 5F963EF715A731AE35BBB1F9 /* EnergyBudget.swift */; };
		2E742BE8EEA2B45FB47DC37D /* Theme.swift in Sources */ = {isa = PBXBuildFile; fileRef = 4481173DDF7051796807C8BA /* Theme.swift */; };
		2F53027EEB2DD8DB4EA3E25C /* FoodPickerSheet.swift in Sources */ = {isa = PBXBuildFile; fileRef = 4C2973D69DE684E7C4D4CBEF /* FoodPickerSheet.swift */; };
		30BF58C61BBC26564CDC997D /* ProgressImage.swift in Sources */ = {isa = PBXBuildFile; fileRef = 1C9387B1A9D866FBAA6D250B /* ProgressImage.swift */; };
		312892774299B0F638DBEB3A /* TelemetryCsv.swift in Sources */ = {isa = PBXBuildFile; fileRef = 1A05D2576D8EA4F1B859FA3C /* TelemetryCsv.swift */; };
		38FDA2D6D605AA4EF986FF09 /* FoodsCsv.swift in Sources */ = {isa = PBXBuildFile; fileRef = 0E2EE24B0D5B9C1E3B07F582 /* FoodsCsv.swift */; };
		3B24D17964C50B43DB5814EA /* HealthCsv.swift in Sources */ = {isa = PBXBuildFile; fileRef = 6F7AB8324F4BF4A26B2E3D7D /* HealthCsv.swift */; };
		3F9A5A44142EA31F7FCDA425 /* WorkoutCardView.swift in Sources */ = {isa = PBXBuildFile; fileRef = CC07DB60192B1A3606EE31E6 /* WorkoutCardView.swift */; };
		478CBFAEA8996A36309400E3 /* MealPlanSheet.swift in Sources */ = {isa = PBXBuildFile; fileRef = FED4131DB0A94939033FEBDD /* MealPlanSheet.swift */; };
		5220DABC90DE1923C100F3FF /* TodayView.swift in Sources */ = {isa = PBXBuildFile; fileRef = 42675A128AA8DEC80995D56F /* TodayView.swift */; };
		54A0B1077F1729898F2F03FA /* HealthModels.swift in Sources */ = {isa = PBXBuildFile; fileRef = 71F395D46DD53EE7950B2F38 /* HealthModels.swift */; };
		65FB1C7702EA97F27D29B9E4 /* WorkoutTemplate.swift in Sources */ = {isa = PBXBuildFile; fileRef = 2695EEFFCE3210F482CF6AE8 /* WorkoutTemplate.swift */; };
		6DF0940BA81E5FBB2BD169A7 /* SpineView.swift in Sources */ = {isa = PBXBuildFile; fileRef = A2DEC68721663F7EB7FED7AC /* SpineView.swift */; };
		6F44E40B56EC12629B050011 /* SleepStagesChartCard.swift in Sources */ = {isa = PBXBuildFile; fileRef = B4133AD1A9670E02221A403C /* SleepStagesChartCard.swift */; };
		70B5AFE1591D67A74F367D08 /* WorkoutEditSheet.swift in Sources */ = {isa = PBXBuildFile; fileRef = 7818A66226AA016EACAD3733 /* WorkoutEditSheet.swift */; };
		8991AE595D261660F44D0E20 /* RepsApp.swift in Sources */ = {isa = PBXBuildFile; fileRef = 808A4AF67562BF42CDE86016 /* RepsApp.swift */; };
		8DAB9B8241BA31DFA4B0BC26 /* MealPlan.swift in Sources */ = {isa = PBXBuildFile; fileRef = 66AC5E4B5509860D1BEC8BBE /* MealPlan.swift */; };
		94E71FADDB271AD18EEE9B1D /* MetricChartCard.swift in Sources */ = {isa = PBXBuildFile; fileRef = 610FE7A2A812E25DD6CC3DAC /* MetricChartCard.swift */; };
		975EBC55B919FF8FD353CD1C /* NutritionExtractor.swift in Sources */ = {isa = PBXBuildFile; fileRef = A65B185EF5F9AF3DBD492D28 /* NutritionExtractor.swift */; };
		AA012479BF68FCE17346795D /* TrendsView.swift in Sources */ = {isa = PBXBuildFile; fileRef = F0069DF2A3852BB0E989CE5A /* TrendsView.swift */; };
		AD3DA54CC067E0F0067C94D4 /* RootView.swift in Sources */ = {isa = PBXBuildFile; fileRef = 602FD5257CB5D3789D0CE03A /* RootView.swift */; };
		AD42C80E7C9B40903C65D7C7 /* DailyLog.swift in Sources */ = {isa = PBXBuildFile; fileRef = A3218CB7500C92B6893783B6 /* DailyLog.swift */; };
		B19CA318066E46BCFDB5C55A /* LogStore.swift in Sources */ = {isa = PBXBuildFile; fileRef = 9E7CFB00FD9C73D6C69A9B40 /* LogStore.swift */; };
		BF702D63C7A54286CF954519 /* Yams in Frameworks */ = {isa = PBXBuildFile; productRef = 6D0A9FA6A13EDD0F299F8B4B /* Yams */; };
		C0F862C6179788CED6E4D0B0 /* PhotoAuth.swift in Sources */ = {isa = PBXBuildFile; fileRef = 30A4FAD834A2228759C85D27 /* PhotoAuth.swift */; };
		C1060564C53EA1060975CD68 /* Program.swift in Sources */ = {isa = PBXBuildFile; fileRef = 1B152D535A2E9981D5056A3C /* Program.swift */; };
		D18D8C3D118394C038646BDA /* ProgramSheet.swift in Sources */ = {isa = PBXBuildFile; fileRef = 87BB2EA03BDC0B4E1DC50187 /* ProgramSheet.swift */; };
		D26919089413BC8575A3DD85 /* ProgressPics.swift in Sources */ = {isa = PBXBuildFile; fileRef = 70512582888B835D1BCD7A71 /* ProgressPics.swift */; };
		D2FB7B741510B52B5C78A323 /* VaultStore.swift in Sources */ = {isa = PBXBuildFile; fileRef = E7C9CE3FDF5C0CF365C9EAFA /* VaultStore.swift */; };
		D597016381405F5F99BDE623 /* ActivityLineView.swift in Sources */ = {isa = PBXBuildFile; fileRef = B1770496672871B9DC33C1EB /* ActivityLineView.swift */; };
		DCA84B0494B2F11BFC530664 /* CompositionChartCard.swift in Sources */ = {isa = PBXBuildFile; fileRef = E483BA88413D9CCA1CD95603 /* CompositionChartCard.swift */; };
		E46974B823872EE6D32FC78B /* FoundationNutritionModel.swift in Sources */ = {isa = PBXBuildFile; fileRef = D60E7052A45149E695865876 /* FoundationNutritionModel.swift */; };
		EACC05A1231D06A8FDDF2621 /* Trends.swift in Sources */ = {isa = PBXBuildFile; fileRef = F418752A8E29C447029115E4 /* Trends.swift */; };
		EC8841FA222A06D629B97BAE /* NutritionLabelParser.swift in Sources */ = {isa = PBXBuildFile; fileRef = A712E8EFB23C41B4E7F24EE4 /* NutritionLabelParser.swift */; };
		F12A570AB0C69124B68ACD8B /* CameraCapture.swift in Sources */ = {isa = PBXBuildFile; fileRef = 96114FC25C27FF8DCD3EE27E /* CameraCapture.swift */; };
		F899DB10A2E871F09D4C2B88 /* Assets.xcassets in Resources */ = {isa = PBXBuildFile; fileRef = 2E80CDB9D456BC120E341A4E /* Assets.xcassets */; };
/* End PBXBuildFile section */

/* Begin PBXFileReference section */
		0E2EE24B0D5B9C1E3B07F582 /* FoodsCsv.swift */ = {isa = PBXFileReference; lastKnownFileType = sourcecode.swift; path = FoodsCsv.swift; sourceTree = "<group>"; };
		1A05D2576D8EA4F1B859FA3C /* TelemetryCsv.swift */ = {isa = PBXFileReference; lastKnownFileType = sourcecode.swift; path = TelemetryCsv.swift; sourceTree = "<group>"; };
		1B152D535A2E9981D5056A3C /* Program.swift */ = {isa = PBXFileReference; lastKnownFileType = sourcecode.swift; path = Program.swift; sourceTree = "<group>"; };
		1C9387B1A9D866FBAA6D250B /* ProgressImage.swift */ = {isa = PBXFileReference; lastKnownFileType = sourcecode.swift; path = ProgressImage.swift; sourceTree = "<group>"; };
		1D55838856564CEA8C4FA4A6 /* HealthKitService.swift */ = {isa = PBXFileReference; lastKnownFileType = sourcecode.swift; path = HealthKitService.swift; sourceTree = "<group>"; };
		2695EEFFCE3210F482CF6AE8 /* WorkoutTemplate.swift */ = {isa = PBXFileReference; lastKnownFileType = sourcecode.swift; path = WorkoutTemplate.swift; sourceTree = "<group>"; };
		2E80CDB9D456BC120E341A4E /* Assets.xcassets */ = {isa = PBXFileReference; lastKnownFileType = folder.assetcatalog; path = Assets.xcassets; sourceTree = "<group>"; };
		2F905AEACE075CD2694EBD56 /* SettingsSheet.swift */ = {isa = PBXFileReference; lastKnownFileType = sourcecode.swift; path = SettingsSheet.swift; sourceTree = "<group>"; };
		30A4FAD834A2228759C85D27 /* PhotoAuth.swift */ = {isa = PBXFileReference; lastKnownFileType = sourcecode.swift; path = PhotoAuth.swift; sourceTree = "<group>"; };
		42675A128AA8DEC80995D56F /* TodayView.swift */ = {isa = PBXFileReference; lastKnownFileType = sourcecode.swift; path = TodayView.swift; sourceTree = "<group>"; };
		4481173DDF7051796807C8BA /* Theme.swift */ = {isa = PBXFileReference; lastKnownFileType = sourcecode.swift; path = Theme.swift; sourceTree = "<group>"; };
		4C2973D69DE684E7C4D4CBEF /* FoodPickerSheet.swift */ = {isa = PBXFileReference; lastKnownFileType = sourcecode.swift; path = FoodPickerSheet.swift; sourceTree = "<group>"; };
		5F963EF715A731AE35BBB1F9 /* EnergyBudget.swift */ = {isa = PBXFileReference; lastKnownFileType = sourcecode.swift; path = EnergyBudget.swift; sourceTree = "<group>"; };
		602FD5257CB5D3789D0CE03A /* RootView.swift */ = {isa = PBXFileReference; lastKnownFileType = sourcecode.swift; path = RootView.swift; sourceTree = "<group>"; };
		610FE7A2A812E25DD6CC3DAC /* MetricChartCard.swift */ = {isa = PBXFileReference; lastKnownFileType = sourcecode.swift; path = MetricChartCard.swift; sourceTree = "<group>"; };
		66AC5E4B5509860D1BEC8BBE /* MealPlan.swift */ = {isa = PBXFileReference; lastKnownFileType = sourcecode.swift; path = MealPlan.swift; sourceTree = "<group>"; };
		6F7AB8324F4BF4A26B2E3D7D /* HealthCsv.swift */ = {isa = PBXFileReference; lastKnownFileType = sourcecode.swift; path = HealthCsv.swift; sourceTree = "<group>"; };
		70512582888B835D1BCD7A71 /* ProgressPics.swift */ = {isa = PBXFileReference; lastKnownFileType = sourcecode.swift; path = ProgressPics.swift; sourceTree = "<group>"; };
		71F395D46DD53EE7950B2F38 /* HealthModels.swift */ = {isa = PBXFileReference; lastKnownFileType = sourcecode.swift; path = HealthModels.swift; sourceTree = "<group>"; };
		7818A66226AA016EACAD3733 /* WorkoutEditSheet.swift */ = {isa = PBXFileReference; lastKnownFileType = sourcecode.swift; path = WorkoutEditSheet.swift; sourceTree = "<group>"; };
		808A4AF67562BF42CDE86016 /* RepsApp.swift */ = {isa = PBXFileReference; lastKnownFileType = sourcecode.swift; path = RepsApp.swift; sourceTree = "<group>"; };
		832F355815BE65D37AC75ADD /* TextRecognizer.swift */ = {isa = PBXFileReference; lastKnownFileType = sourcecode.swift; path = TextRecognizer.swift; sourceTree = "<group>"; };
		87BB2EA03BDC0B4E1DC50187 /* ProgramSheet.swift */ = {isa = PBXFileReference; lastKnownFileType = sourcecode.swift; path = ProgramSheet.swift; sourceTree = "<group>"; };
		89F73E9CB8B46A571B9DEA48 /* Info.plist */ = {isa = PBXFileReference; lastKnownFileType = text.plist; path = Info.plist; sourceTree = "<group>"; };
		8AD60C6BDD44A63047D0E969 /* Reps.app */ = {isa = PBXFileReference; includeInIndex = 0; lastKnownFileType = wrapper.application; path = Reps.app; sourceTree = BUILT_PRODUCTS_DIR; };
		96114FC25C27FF8DCD3EE27E /* CameraCapture.swift */ = {isa = PBXFileReference; lastKnownFileType = sourcecode.swift; path = CameraCapture.swift; sourceTree = "<group>"; };
		9BD9441032E3217E1825CD6A /* DailyLogCodec.swift */ = {isa = PBXFileReference; lastKnownFileType = sourcecode.swift; path = DailyLogCodec.swift; sourceTree = "<group>"; };
		9E7CFB00FD9C73D6C69A9B40 /* LogStore.swift */ = {isa = PBXFileReference; lastKnownFileType = sourcecode.swift; path = LogStore.swift; sourceTree = "<group>"; };
		A2DEC68721663F7EB7FED7AC /* SpineView.swift */ = {isa = PBXFileReference; lastKnownFileType = sourcecode.swift; path = SpineView.swift; sourceTree = "<group>"; };
		A3218CB7500C92B6893783B6 /* DailyLog.swift */ = {isa = PBXFileReference; lastKnownFileType = sourcecode.swift; path = DailyLog.swift; sourceTree = "<group>"; };
		A65B185EF5F9AF3DBD492D28 /* NutritionExtractor.swift */ = {isa = PBXFileReference; lastKnownFileType = sourcecode.swift; path = NutritionExtractor.swift; sourceTree = "<group>"; };
		A712E8EFB23C41B4E7F24EE4 /* NutritionLabelParser.swift */ = {isa = PBXFileReference; lastKnownFileType = sourcecode.swift; path = NutritionLabelParser.swift; sourceTree = "<group>"; };
		ADB3EA980F86EE325B6DF512 /* Food.swift */ = {isa = PBXFileReference; lastKnownFileType = sourcecode.swift; path = Food.swift; sourceTree = "<group>"; };
		B1770496672871B9DC33C1EB /* ActivityLineView.swift */ = {isa = PBXFileReference; lastKnownFileType = sourcecode.swift; path = ActivityLineView.swift; sourceTree = "<group>"; };
		B4133AD1A9670E02221A403C /* SleepStagesChartCard.swift */ = {isa = PBXFileReference; lastKnownFileType = sourcecode.swift; path = SleepStagesChartCard.swift; sourceTree = "<group>"; };
		C58FD74C26DE6AFBB9650DED /* FoodFormSheet.swift */ = {isa = PBXFileReference; lastKnownFileType = sourcecode.swift; path = FoodFormSheet.swift; sourceTree = "<group>"; };
		CC07DB60192B1A3606EE31E6 /* WorkoutCardView.swift */ = {isa = PBXFileReference; lastKnownFileType = sourcecode.swift; path = WorkoutCardView.swift; sourceTree = "<group>"; };
		CD3F5EEFFE4D007B55AEC149 /* Reps.entitlements */ = {isa = PBXFileReference; lastKnownFileType = text.plist.entitlements; path = Reps.entitlements; sourceTree = "<group>"; };
		D60E7052A45149E695865876 /* FoundationNutritionModel.swift */ = {isa = PBXFileReference; lastKnownFileType = sourcecode.swift; path = FoundationNutritionModel.swift; sourceTree = "<group>"; };
		E483BA88413D9CCA1CD95603 /* CompositionChartCard.swift */ = {isa = PBXFileReference; lastKnownFileType = sourcecode.swift; path = CompositionChartCard.swift; sourceTree = "<group>"; };
		E7C9CE3FDF5C0CF365C9EAFA /* VaultStore.swift */ = {isa = PBXFileReference; lastKnownFileType = sourcecode.swift; path = VaultStore.swift; sourceTree = "<group>"; };
		F0069DF2A3852BB0E989CE5A /* TrendsView.swift */ = {isa = PBXFileReference; lastKnownFileType = sourcecode.swift; path = TrendsView.swift; sourceTree = "<group>"; };
		F418752A8E29C447029115E4 /* Trends.swift */ = {isa = PBXFileReference; lastKnownFileType = sourcecode.swift; path = Trends.swift; sourceTree = "<group>"; };
		FED4131DB0A94939033FEBDD /* MealPlanSheet.swift */ = {isa = PBXFileReference; lastKnownFileType = sourcecode.swift; path = MealPlanSheet.swift; sourceTree = "<group>"; };
/* End PBXFileReference section */

/* Begin PBXFrameworksBuildPhase section */
		A14EB5F286D4C13D24E52965 /* Frameworks */ = {
			isa = PBXFrameworksBuildPhase;
			buildActionMask = 2147483647;
			files = (
				BF702D63C7A54286CF954519 /* Yams in Frameworks */,
			);
			runOnlyForDeploymentPostprocessing = 0;
		};
/* End PBXFrameworksBuildPhase section */

/* Begin PBXGroup section */
		07DE53A5B85504FEFB04F3ED /* lego_blocks */ = {
			isa = PBXGroup;
			children = (
				2A4CB2ED31199C78973C0B75 /* integrations */,
				0A6EAFB035B2BAF8402E6725 /* units */,
			);
			path = lego_blocks;
			sourceTree = "<group>";
		};
		0A6EAFB035B2BAF8402E6725 /* units */ = {
			isa = PBXGroup;
			children = (
				B1770496672871B9DC33C1EB /* ActivityLineView.swift */,
				96114FC25C27FF8DCD3EE27E /* CameraCapture.swift */,
				E483BA88413D9CCA1CD95603 /* CompositionChartCard.swift */,
				610FE7A2A812E25DD6CC3DAC /* MetricChartCard.swift */,
				70512582888B835D1BCD7A71 /* ProgressPics.swift */,
				B4133AD1A9670E02221A403C /* SleepStagesChartCard.swift */,
				A2DEC68721663F7EB7FED7AC /* SpineView.swift */,
				4481173DDF7051796807C8BA /* Theme.swift */,
				CC07DB60192B1A3606EE31E6 /* WorkoutCardView.swift */,
			);
			path = units;
			sourceTree = "<group>";
		};
		1BA74FAEBA7B7D9FF8C00B42 /* orchestrators */ = {
			isa = PBXGroup;
			children = (
				9E7CFB00FD9C73D6C69A9B40 /* LogStore.swift */,
			);
			path = orchestrators;
			sourceTree = "<group>";
		};
		222AA8450FE8B65CA1EE092E /* Services */ = {
			isa = PBXGroup;
			children = (
				E84D4B72A39EF2666993EE98 /* lego_blocks */,
				1BA74FAEBA7B7D9FF8C00B42 /* orchestrators */,
			);
			path = Services;
			sourceTree = "<group>";
		};
		2A4CB2ED31199C78973C0B75 /* integrations */ = {
			isa = PBXGroup;
			children = (
				C58FD74C26DE6AFBB9650DED /* FoodFormSheet.swift */,
				4C2973D69DE684E7C4D4CBEF /* FoodPickerSheet.swift */,
				FED4131DB0A94939033FEBDD /* MealPlanSheet.swift */,
				87BB2EA03BDC0B4E1DC50187 /* ProgramSheet.swift */,
				2F905AEACE075CD2694EBD56 /* SettingsSheet.swift */,
				7818A66226AA016EACAD3733 /* WorkoutEditSheet.swift */,
			);
			path = integrations;
			sourceTree = "<group>";
		};
		432C1C6AE7B69B904465770C /* orchestrators */ = {
			isa = PBXGroup;
			children = (
				602FD5257CB5D3789D0CE03A /* RootView.swift */,
				42675A128AA8DEC80995D56F /* TodayView.swift */,
				F0069DF2A3852BB0E989CE5A /* TrendsView.swift */,
			);
			path = orchestrators;
			sourceTree = "<group>";
		};
		46C737A176B253C6E6744D0F /* units */ = {
			isa = PBXGroup;
			children = (
				9BD9441032E3217E1825CD6A /* DailyLogCodec.swift */,
				0E2EE24B0D5B9C1E3B07F582 /* FoodsCsv.swift */,
				6F7AB8324F4BF4A26B2E3D7D /* HealthCsv.swift */,
				A712E8EFB23C41B4E7F24EE4 /* NutritionLabelParser.swift */,
				30A4FAD834A2228759C85D27 /* PhotoAuth.swift */,
				1C9387B1A9D866FBAA6D250B /* ProgressImage.swift */,
				1A05D2576D8EA4F1B859FA3C /* TelemetryCsv.swift */,
				832F355815BE65D37AC75ADD /* TextRecognizer.swift */,
			);
			path = units;
			sourceTree = "<group>";
		};
		4945D4B84A170BD6F93331D5 /* Products */ = {
			isa = PBXGroup;
			children = (
				8AD60C6BDD44A63047D0E969 /* Reps.app */,
			);
			name = Products;
			sourceTree = "<group>";
		};
		500FE736D85FC87CA6172673 /* components */ = {
			isa = PBXGroup;
			children = (
				07DE53A5B85504FEFB04F3ED /* lego_blocks */,
				432C1C6AE7B69B904465770C /* orchestrators */,
			);
			path = components;
			sourceTree = "<group>";
		};
		5D2AA826BBC44B991346427B /* Models */ = {
			isa = PBXGroup;
			children = (
				A3218CB7500C92B6893783B6 /* DailyLog.swift */,
				5F963EF715A731AE35BBB1F9 /* EnergyBudget.swift */,
				ADB3EA980F86EE325B6DF512 /* Food.swift */,
				71F395D46DD53EE7950B2F38 /* HealthModels.swift */,
				66AC5E4B5509860D1BEC8BBE /* MealPlan.swift */,
				1B152D535A2E9981D5056A3C /* Program.swift */,
				F418752A8E29C447029115E4 /* Trends.swift */,
				2695EEFFCE3210F482CF6AE8 /* WorkoutTemplate.swift */,
			);
			path = Models;
			sourceTree = "<group>";
		};
		70274E239B152A2B56C3B912 = {
			isa = PBXGroup;
			children = (
				F3102035D775E5E118A819E8 /* Reps */,
				4945D4B84A170BD6F93331D5 /* Products */,
			);
			sourceTree = "<group>";
		};
		89171B7D3B4C3AC6E9462A27 /* integrations */ = {
			isa = PBXGroup;
			children = (
				D60E7052A45149E695865876 /* FoundationNutritionModel.swift */,
				1D55838856564CEA8C4FA4A6 /* HealthKitService.swift */,
				A65B185EF5F9AF3DBD492D28 /* NutritionExtractor.swift */,
				E7C9CE3FDF5C0CF365C9EAFA /* VaultStore.swift */,
			);
			path = integrations;
			sourceTree = "<group>";
		};
		E84D4B72A39EF2666993EE98 /* lego_blocks */ = {
			isa = PBXGroup;
			children = (
				89171B7D3B4C3AC6E9462A27 /* integrations */,
				46C737A176B253C6E6744D0F /* units */,
			);
			path = lego_blocks;
			sourceTree = "<group>";
		};
		F3102035D775E5E118A819E8 /* Reps */ = {
			isa = PBXGroup;
			children = (
				2E80CDB9D456BC120E341A4E /* Assets.xcassets */,
				89F73E9CB8B46A571B9DEA48 /* Info.plist */,
				CD3F5EEFFE4D007B55AEC149 /* Reps.entitlements */,
				808A4AF67562BF42CDE86016 /* RepsApp.swift */,
				500FE736D85FC87CA6172673 /* components */,
				5D2AA826BBC44B991346427B /* Models */,
				222AA8450FE8B65CA1EE092E /* Services */,
			);
			path = Reps;
			sourceTree = "<group>";
		};
/* End PBXGroup section */

/* Begin PBXNativeTarget section */
		0416157AB6A2DD4CDDAF81C0 /* Reps */ = {
			isa = PBXNativeTarget;
			buildConfigurationList = 1A484B176691E754227BAF84 /* Build configuration list for PBXNativeTarget "Reps" */;
			buildPhases = (
				A3361D115BBEA5CE1060F5B2 /* Sources */,
				CD6A8EC9013538B6F2596B29 /* Resources */,
				A14EB5F286D4C13D24E52965 /* Frameworks */,
			);
			buildRules = (
			);
			dependencies = (
			);
			name = Reps;
			packageProductDependencies = (
				6D0A9FA6A13EDD0F299F8B4B /* Yams */,
			);
			productName = Reps;
			productReference = 8AD60C6BDD44A63047D0E969 /* Reps.app */;
			productType = "com.apple.product-type.application";
		};
/* End PBXNativeTarget section */

/* Begin PBXProject section */
		DE75462DF504AF873BF6E8DE /* Project object */ = {
			isa = PBXProject;
			attributes = {
				BuildIndependentTargetsInParallel = YES;
				LastUpgradeCheck = 1430;
				TargetAttributes = {
					0416157AB6A2DD4CDDAF81C0 = {
						ProvisioningStyle = Automatic;
					};
				};
			};
			buildConfigurationList = 6E01C31FF6A49288626E1C68 /* Build configuration list for PBXProject "Reps" */;
			developmentRegion = en;
			hasScannedForEncodings = 0;
			knownRegions = (
				Base,
				en,
			);
			mainGroup = 70274E239B152A2B56C3B912;
			minimizedProjectReferenceProxies = 1;
			packageReferences = (
				92F7FC5D830EBF01E58F6E8A /* XCRemoteSwiftPackageReference "Yams" */,
			);
			preferredProjectObjectVersion = 77;
			productRefGroup = 4945D4B84A170BD6F93331D5 /* Products */;
			projectDirPath = "";
			projectRoot = "";
			targets = (
				0416157AB6A2DD4CDDAF81C0 /* Reps */,
			);
		};
/* End PBXProject section */

/* Begin PBXResourcesBuildPhase section */
		CD6A8EC9013538B6F2596B29 /* Resources */ = {
			isa = PBXResourcesBuildPhase;
			buildActionMask = 2147483647;
			files = (
				F899DB10A2E871F09D4C2B88 /* Assets.xcassets in Resources */,
			);
			runOnlyForDeploymentPostprocessing = 0;
		};
/* End PBXResourcesBuildPhase section */

/* Begin PBXSourcesBuildPhase section */
		A3361D115BBEA5CE1060F5B2 /* Sources */ = {
			isa = PBXSourcesBuildPhase;
			buildActionMask = 2147483647;
			files = (
				D597016381405F5F99BDE623 /* ActivityLineView.swift in Sources */,
				F12A570AB0C69124B68ACD8B /* CameraCapture.swift in Sources */,
				DCA84B0494B2F11BFC530664 /* CompositionChartCard.swift in Sources */,
				AD42C80E7C9B40903C65D7C7 /* DailyLog.swift in Sources */,
				1464A773E1D359ACEAF1EAE9 /* DailyLogCodec.swift in Sources */,
				2B441EFF0B166EB069DA4CF0 /* EnergyBudget.swift in Sources */,
				292988C1DF27EAEDAAEA824E /* Food.swift in Sources */,
				0291669B3635676353F335A3 /* FoodFormSheet.swift in Sources */,
				2F53027EEB2DD8DB4EA3E25C /* FoodPickerSheet.swift in Sources */,
				38FDA2D6D605AA4EF986FF09 /* FoodsCsv.swift in Sources */,
				E46974B823872EE6D32FC78B /* FoundationNutritionModel.swift in Sources */,
				3B24D17964C50B43DB5814EA /* HealthCsv.swift in Sources */,
				2AEC214FE57FB1E851A16BBF /* HealthKitService.swift in Sources */,
				54A0B1077F1729898F2F03FA /* HealthModels.swift in Sources */,
				B19CA318066E46BCFDB5C55A /* LogStore.swift in Sources */,
				8DAB9B8241BA31DFA4B0BC26 /* MealPlan.swift in Sources */,
				478CBFAEA8996A36309400E3 /* MealPlanSheet.swift in Sources */,
				94E71FADDB271AD18EEE9B1D /* MetricChartCard.swift in Sources */,
				975EBC55B919FF8FD353CD1C /* NutritionExtractor.swift in Sources */,
				EC8841FA222A06D629B97BAE /* NutritionLabelParser.swift in Sources */,
				C0F862C6179788CED6E4D0B0 /* PhotoAuth.swift in Sources */,
				C1060564C53EA1060975CD68 /* Program.swift in Sources */,
				D18D8C3D118394C038646BDA /* ProgramSheet.swift in Sources */,
				30BF58C61BBC26564CDC997D /* ProgressImage.swift in Sources */,
				D26919089413BC8575A3DD85 /* ProgressPics.swift in Sources */,
				8991AE595D261660F44D0E20 /* RepsApp.swift in Sources */,
				AD3DA54CC067E0F0067C94D4 /* RootView.swift in Sources */,
				0847CBC2611ADABB9AAD9A88 /* SettingsSheet.swift in Sources */,
				6F44E40B56EC12629B050011 /* SleepStagesChartCard.swift in Sources */,
				6DF0940BA81E5FBB2BD169A7 /* SpineView.swift in Sources */,
				312892774299B0F638DBEB3A /* TelemetryCsv.swift in Sources */,
				0706082E7DE30BB7BB33D032 /* TextRecognizer.swift in Sources */,
				2E742BE8EEA2B45FB47DC37D /* Theme.swift in Sources */,
				5220DABC90DE1923C100F3FF /* TodayView.swift in Sources */,
				EACC05A1231D06A8FDDF2621 /* Trends.swift in Sources */,
				AA012479BF68FCE17346795D /* TrendsView.swift in Sources */,
				D2FB7B741510B52B5C78A323 /* VaultStore.swift in Sources */,
				3F9A5A44142EA31F7FCDA425 /* WorkoutCardView.swift in Sources */,
				70B5AFE1591D67A74F367D08 /* WorkoutEditSheet.swift in Sources */,
				65FB1C7702EA97F27D29B9E4 /* WorkoutTemplate.swift in Sources */,
			);
			runOnlyForDeploymentPostprocessing = 0;
		};
/* End PBXSourcesBuildPhase section */

/* Begin XCBuildConfiguration section */
		35EFD3E117AF290EBCB00260 /* Debug */ = {
			isa = XCBuildConfiguration;
			buildSettings = {
				ASSETCATALOG_COMPILER_APPICON_NAME = AppIcon;
				CODE_SIGN_ENTITLEMENTS = Reps/Reps.entitlements;
				CODE_SIGN_IDENTITY = "iPhone Developer";
				CODE_SIGN_STYLE = Automatic;
				GENERATE_INFOPLIST_FILE = NO;
				INFOPLIST_FILE = Reps/Info.plist;
				LD_RUNPATH_SEARCH_PATHS = (
					"$(inherited)",
					"@executable_path/Frameworks",
				);
				PRODUCT_BUNDLE_IDENTIFIER = com.anurag.reps;
				SDKROOT = iphoneos;
				TARGETED_DEVICE_FAMILY = "1,2";
			};
			name = Debug;
		};
		3A2FDE58DD79E3CA846E99A4 /* Debug */ = {
			isa = XCBuildConfiguration;
			buildSettings = {
				ALWAYS_SEARCH_USER_PATHS = NO;
				CLANG_ANALYZER_NONNULL = YES;
				CLANG_ANALYZER_NUMBER_OBJECT_CONVERSION = YES_AGGRESSIVE;
				CLANG_CXX_LANGUAGE_STANDARD = "gnu++14";
				CLANG_CXX_LIBRARY = "libc++";
				CLANG_ENABLE_MODULES = YES;
				CLANG_ENABLE_OBJC_ARC = YES;
				CLANG_ENABLE_OBJC_WEAK = YES;
				CLANG_WARN_BLOCK_CAPTURE_AUTORELEASING = YES;
				CLANG_WARN_BOOL_CONVERSION = YES;
				CLANG_WARN_COMMA = YES;
				CLANG_WARN_CONSTANT_CONVERSION = YES;
				CLANG_WARN_DEPRECATED_OBJC_IMPLEMENTATIONS = YES;
				CLANG_WARN_DIRECT_OBJC_ISA_USAGE = YES_ERROR;
				CLANG_WARN_DOCUMENTATION_COMMENTS = YES;
				CLANG_WARN_EMPTY_BODY = YES;
				CLANG_WARN_ENUM_CONVERSION = YES;
				CLANG_WARN_INFINITE_RECURSION = YES;
				CLANG_WARN_INT_CONVERSION = YES;
				CLANG_WARN_NON_LITERAL_NULL_CONVERSION = YES;
				CLANG_WARN_OBJC_IMPLICIT_RETAIN_SELF = YES;
				CLANG_WARN_OBJC_LITERAL_CONVERSION = YES;
				CLANG_WARN_OBJC_ROOT_CLASS = YES_ERROR;
				CLANG_WARN_QUOTED_INCLUDE_IN_FRAMEWORK_HEADER = YES;
				CLANG_WARN_RANGE_LOOP_ANALYSIS = YES;
				CLANG_WARN_STRICT_PROTOTYPES = YES;
				CLANG_WARN_SUSPICIOUS_MOVE = YES;
				CLANG_WARN_UNGUARDED_AVAILABILITY = YES_AGGRESSIVE;
				CLANG_WARN_UNREACHABLE_CODE = YES;
				CLANG_WARN__DUPLICATE_METHOD_MATCH = YES;
				COPY_PHASE_STRIP = NO;
				DEBUG_INFORMATION_FORMAT = dwarf;
				ENABLE_STRICT_OBJC_MSGSEND = YES;
				ENABLE_TESTABILITY = YES;
				GCC_C_LANGUAGE_STANDARD = gnu11;
				GCC_DYNAMIC_NO_PIC = NO;
				GCC_NO_COMMON_BLOCKS = YES;
				GCC_OPTIMIZATION_LEVEL = 0;
				GCC_PREPROCESSOR_DEFINITIONS = (
					"$(inherited)",
					"DEBUG=1",
				);
				GCC_WARN_64_TO_32_BIT_CONVERSION = YES;
				GCC_WARN_ABOUT_RETURN_TYPE = YES_ERROR;
				GCC_WARN_UNDECLARED_SELECTOR = YES;
				GCC_WARN_UNINITIALIZED_AUTOS = YES_AGGRESSIVE;
				GCC_WARN_UNUSED_FUNCTION = YES;
				GCC_WARN_UNUSED_VARIABLE = YES;
				INFOPLIST_KEY_UISupportedInterfaceOrientations = UIInterfaceOrientationPortrait;
				IPHONEOS_DEPLOYMENT_TARGET = 18.0;
				MTL_ENABLE_DEBUG_INFO = INCLUDE_SOURCE;
				MTL_FAST_MATH = YES;
				ONLY_ACTIVE_ARCH = YES;
				PRODUCT_NAME = "$(TARGET_NAME)";
				SDKROOT = iphoneos;
				SWIFT_ACTIVE_COMPILATION_CONDITIONS = DEBUG;
				SWIFT_OPTIMIZATION_LEVEL = "-Onone";
				SWIFT_VERSION = 6.0;
				TARGETED_DEVICE_FAMILY = 1;
			};
			name = Debug;
		};
		6D38A0746D2CC4714C46615C /* Release */ = {
			isa = XCBuildConfiguration;
			buildSettings = {
				ALWAYS_SEARCH_USER_PATHS = NO;
				CLANG_ANALYZER_NONNULL = YES;
				CLANG_ANALYZER_NUMBER_OBJECT_CONVERSION = YES_AGGRESSIVE;
				CLANG_CXX_LANGUAGE_STANDARD = "gnu++14";
				CLANG_CXX_LIBRARY = "libc++";
				CLANG_ENABLE_MODULES = YES;
				CLANG_ENABLE_OBJC_ARC = YES;
				CLANG_ENABLE_OBJC_WEAK = YES;
				CLANG_WARN_BLOCK_CAPTURE_AUTORELEASING = YES;
				CLANG_WARN_BOOL_CONVERSION = YES;
				CLANG_WARN_COMMA = YES;
				CLANG_WARN_CONSTANT_CONVERSION = YES;
				CLANG_WARN_DEPRECATED_OBJC_IMPLEMENTATIONS = YES;
				CLANG_WARN_DIRECT_OBJC_ISA_USAGE = YES_ERROR;
				CLANG_WARN_DOCUMENTATION_COMMENTS = YES;
				CLANG_WARN_EMPTY_BODY = YES;
				CLANG_WARN_ENUM_CONVERSION = YES;
				CLANG_WARN_INFINITE_RECURSION = YES;
				CLANG_WARN_INT_CONVERSION = YES;
				CLANG_WARN_NON_LITERAL_NULL_CONVERSION = YES;
				CLANG_WARN_OBJC_IMPLICIT_RETAIN_SELF = YES;
				CLANG_WARN_OBJC_LITERAL_CONVERSION = YES;
				CLANG_WARN_OBJC_ROOT_CLASS = YES_ERROR;
				CLANG_WARN_QUOTED_INCLUDE_IN_FRAMEWORK_HEADER = YES;
				CLANG_WARN_RANGE_LOOP_ANALYSIS = YES;
				CLANG_WARN_STRICT_PROTOTYPES = YES;
				CLANG_WARN_SUSPICIOUS_MOVE = YES;
				CLANG_WARN_UNGUARDED_AVAILABILITY = YES_AGGRESSIVE;
				CLANG_WARN_UNREACHABLE_CODE = YES;
				CLANG_WARN__DUPLICATE_METHOD_MATCH = YES;
				COPY_PHASE_STRIP = NO;
				DEBUG_INFORMATION_FORMAT = "dwarf-with-dsym";
				ENABLE_NS_ASSERTIONS = NO;
				ENABLE_STRICT_OBJC_MSGSEND = YES;
				GCC_C_LANGUAGE_STANDARD = gnu11;
				GCC_NO_COMMON_BLOCKS = YES;
				GCC_WARN_64_TO_32_BIT_CONVERSION = YES;
				GCC_WARN_ABOUT_RETURN_TYPE = YES_ERROR;
				GCC_WARN_UNDECLARED_SELECTOR = YES;
				GCC_WARN_UNINITIALIZED_AUTOS = YES_AGGRESSIVE;
				GCC_WARN_UNUSED_FUNCTION = YES;
				GCC_WARN_UNUSED_VARIABLE = YES;
				INFOPLIST_KEY_UISupportedInterfaceOrientations = UIInterfaceOrientationPortrait;
				IPHONEOS_DEPLOYMENT_TARGET = 18.0;
				MTL_ENABLE_DEBUG_INFO = NO;
				MTL_FAST_MATH = YES;
				PRODUCT_NAME = "$(TARGET_NAME)";
				SDKROOT = iphoneos;
				SWIFT_COMPILATION_MODE = wholemodule;
				SWIFT_OPTIMIZATION_LEVEL = "-O";
				SWIFT_VERSION = 6.0;
				TARGETED_DEVICE_FAMILY = 1;
			};
			name = Release;
		};
		919CA4D77571434F7FBB6526 /* Release */ = {
			isa = XCBuildConfiguration;
			buildSettings = {
				ASSETCATALOG_COMPILER_APPICON_NAME = AppIcon;
				CODE_SIGN_ENTITLEMENTS = Reps/Reps.entitlements;
				CODE_SIGN_IDENTITY = "iPhone Developer";
				CODE_SIGN_STYLE = Automatic;
				GENERATE_INFOPLIST_FILE = NO;
				INFOPLIST_FILE = Reps/Info.plist;
				LD_RUNPATH_SEARCH_PATHS = (
					"$(inherited)",
					"@executable_path/Frameworks",
				);
				PRODUCT_BUNDLE_IDENTIFIER = com.anurag.reps;
				SDKROOT = iphoneos;
				TARGETED_DEVICE_FAMILY = "1,2";
			};
			name = Release;
		};
/* End XCBuildConfiguration section */

/* Begin XCConfigurationList section */
		1A484B176691E754227BAF84 /* Build configuration list for PBXNativeTarget "Reps" */ = {
			isa = XCConfigurationList;
			buildConfigurations = (
				35EFD3E117AF290EBCB00260 /* Debug */,
				919CA4D77571434F7FBB6526 /* Release */,
			);
			defaultConfigurationIsVisible = 0;
			defaultConfigurationName = Debug;
		};
		6E01C31FF6A49288626E1C68 /* Build configuration list for PBXProject "Reps" */ = {
			isa = XCConfigurationList;
			buildConfigurations = (
				3A2FDE58DD79E3CA846E99A4 /* Debug */,
				6D38A0746D2CC4714C46615C /* Release */,
			);
			defaultConfigurationIsVisible = 0;
			defaultConfigurationName = Debug;
		};
/* End XCConfigurationList section */

/* Begin XCRemoteSwiftPackageReference section */
		92F7FC5D830EBF01E58F6E8A /* XCRemoteSwiftPackageReference "Yams" */ = {
			isa = XCRemoteSwiftPackageReference;
			repositoryURL = "https://github.com/jpsim/Yams.git";
			requirement = {
				kind = upToNextMajorVersion;
				minimumVersion = 5.1.0;
			};
		};
/* End XCRemoteSwiftPackageReference section */

/* Begin XCSwiftPackageProductDependency section */
		6D0A9FA6A13EDD0F299F8B4B /* Yams */ = {
			isa = XCSwiftPackageProductDependency;
			package = 92F7FC5D830EBF01E58F6E8A /* XCRemoteSwiftPackageReference "Yams" */;
			productName = Yams;
		};
/* End XCSwiftPackageProductDependency section */
	};
	rootObject = DE75462DF504AF873BF6E8DE /* Project object */;
}
